
Microsoft Visual Studio Solution File, Format Version 12.00
# Visual Studio Version 16
VisualStudioVersion = 16.0.29319.158
MinimumVisualStudioVersion = 10.0.40219.1
Project("{FAE04EC0-301F-11D3-BF4B-00C04F79EFBC}") = "Interpreter", "Interpreter\Interpreter.csproj", "{A2552DAF-3EA0-48F5-9018-6A727766580C}"
EndProject
Project("{9A19103F-16F7-4668-BE54-9A1E7A4F7556}") = "Fleck", "..\Fleck\src\Fleck\Fleck.csproj", "{8A99E223-DE85-4124-A8A7-8013F0E1020D}"
EndProject
Project("{9A19103F-16F7-4668-BE54-9A1E7A4F7556}") = "Config.Net", "..\config\src\Config.Net\Config.Net.csproj", "{645761E2-B1D3-4CF8-B00B-AA4D506EB799}"
EndProject
Project("{9A19103F-16F7-4668-BE54-9A1E7A4F7556}") = "Config.Net.Json", "..\config\src\Config.Net.Json\Config.Net.Json.csproj", "{63EFE502-DC39-410D-9E1C-C4CDC1E43869}"
EndProject
Project("{9A19103F-16F7-4668-BE54-9A1E7A4F7556}") = "Websocket.Client", "..\websocket-client\src\Websocket.Client\Websocket.Client.csproj", "{CE814087-7BCA-4DA4-AFFB-383748089DEE}"
EndProject
Global
	GlobalSection(SolutionConfigurationPlatforms) = preSolution
		Debug|Any CPU = Debug|Any CPU
		Release|Any CPU = Release|Any CPU
	EndGlobalSection
	GlobalSection(ProjectConfigurationPlatforms) = postSolution
		{A2552DAF-3EA0-48F5-9018-6A727766580C}.Debug|Any CPU.ActiveCfg = Debug|Any CPU
		{A2552DAF-3EA0-48F5-9018-6A727766580C}.Debug|Any CPU.Build.0 = Debug|Any CPU
		{A2552DAF-3EA0-48F5-9018-6A727766580C}.Release|Any CPU.ActiveCfg = Release|Any CPU
		{A2552DAF-3EA0-48F5-9018-6A727766580C}.Release|Any CPU.Build.0 = Release|Any CPU
		{8A99E223-DE85-4124-A8A7-8013F0E1020D}.Debug|Any CPU.ActiveCfg = Debug|Any CPU
		{8A99E223-DE85-4124-A8A7-8013F0E1020D}.Debug|Any CPU.Build.0 = Debug|Any CPU
		{8A99E223-DE85-4124-A8A7-8013F0E1020D}.Release|Any CPU.ActiveCfg = Release|Any CPU
		{8A99E223-DE85-4124-A8A7-8013F0E1020D}.Release|Any CPU.Build.0 = Release|Any CPU
		{645761E2-B1D3-4CF8-B00B-AA4D506EB799}.Debug|Any CPU.ActiveCfg = Debug|Any CPU
		{645761E2-B1D3-4CF8-B00B-AA4D506EB799}.Debug|Any CPU.Build.0 = Debug|Any CPU
		{645761E2-B1D3-4CF8-B00B-AA4D506EB799}.Release|Any CPU.ActiveCfg = Release|Any CPU
		{645761E2-B1D3-4CF8-B00B-AA4D506EB799}.Release|Any CPU.Build.0 = Release|Any CPU
		{63EFE502-DC39-410D-9E1C-C4CDC1E43869}.Debug|Any CPU.ActiveCfg = Debug|Any CPU
		{63EFE502-DC39-410D-9E1C-C4CDC1E43869}.Debug|Any CPU.Build.0 = Debug|Any CPU
		{63EFE502-DC39-410D-9E1C-C4CDC1E43869}.Release|Any CPU.ActiveCfg = Release|Any CPU
		{63EFE502-DC39-410D-9E1C-C4CDC1E43869}.Release|Any CPU.Build.0 = Release|Any CPU
		{CE814087-7BCA-4DA4-AFFB-383748089DEE}.Debug|Any CPU.ActiveCfg = Debug|Any CPU
		{CE814087-7BCA-4DA4-AFFB-383748089DEE}.Debug|Any CPU.Build.0 = Debug|Any CPU
		{CE814087-7BCA-4DA4-AFFB-383748089DEE}.Release|Any CPU.ActiveCfg = Release|Any CPU
		{CE814087-7BCA-4DA4-AFFB-383748089DEE}.Release|Any CPU.Build.0 = Release|Any CPU
	EndGlobalSection
	GlobalSection(SolutionProperties) = preSolution
		HideSolutionNode = FALSE
	EndGlobalSection
	GlobalSection(ExtensibilityGlobals) = postSolution
		SolutionGuid = {7FE1D7FE-359D-45F1-9208-08277CF22F0D}
	EndGlobalSection
EndGlobal
